{
  "name": "matrix_screensaver",
  "version": "1.0.0",
  "lockfileVersion": 1,
  "requires": true,
  "dependencies": {
    "js-ui-engine": {
      "version": "1.20180114.8",
      "resolved": "https://registry.npmjs.org/js-ui-engine/-/js-ui-engine-1.20180114.8.tgz",
      "integrity": "sha512-0EToPvwHxdZ+Po9lLYbzFVRXdlWv3LDsOHgVDNQnEQq0fP/foFtuBEvnZmDYLFffE2IrWNW46bm3MvhGp2JY1Q=="
    }
  }
}
